// !$*UTF8*$!
{
	archiveVersion = 1;
	classes = {
	};
	objectVersion = 46;
	objects = {

/* Begin PBXBuildFile section */
		00EA121B1E49FB4100D73B95 /* ChannelListViewController.swift in Sources */ = {isa = PBXBuildFile; fileRef = 00EA121A1E49FB4100D73B95 /* ChannelListViewController.swift */; settings = {ASSET_TAGS = (); }; };
		00EA121D1E4A00E500D73B95 /* CreateChannelCell.swift in Sources */ = {isa = PBXBuildFile; fileRef = 00EA121C1E4A00E500D73B95 /* CreateChannelCell.swift */; settings = {ASSET_TAGS = (); }; };
		00EA121F1E4A028900D73B95 /* ChatViewController.swift in Sources */ = {isa = PBXBuildFile; fileRef = 00EA121E1E4A028900D73B95 /* ChatViewController.swift */; settings = {ASSET_TAGS = (); }; };
		00F05C461E49EB56005C3BFD /* AppDelegate.swift in Sources */ = {isa = PBXBuildFile; fileRef = 00F05C451E49EB56005C3BFD /* AppDelegate.swift */; };
		00F05C481E49EB56005C3BFD /* LoginViewController.swift in Sources */ = {isa = PBXBuildFile; fileRef = 00F05C471E49EB56005C3BFD /* LoginViewController.swift */; };
		00F05C4B1E49EB56005C3BFD /* Main.storyboard in Resources */ = {isa = PBXBuildFile; fileRef = 00F05C491E49EB56005C3BFD /* Main.storyboard */; };
		00F05C4D1E49EB56005C3BFD /* Assets.xcassets in Resources */ = {isa = PBXBuildFile; fileRef = 00F05C4C1E49EB56005C3BFD /* Assets.xcassets */; };
		00F05C501E49EB56005C3BFD /* LaunchScreen.storyboard in Resources */ = {isa = PBXBuildFile; fileRef = 00F05C4E1E49EB56005C3BFD /* LaunchScreen.storyboard */; };
/* End PBXBuildFile section */

/* Begin PBXFileReference section */
		00EA121A1E49FB4100D73B95 /* ChannelListViewController.swift */ = {isa = PBXFileReference; fileEncoding = 4; lastKnownFileType = sourcecode.swift; path = ChannelListViewController.swift; sourceTree = "<group>"; };
		00EA121C1E4A00E500D73B95 /* CreateChannelCell.swift */ = {isa = PBXFileReference; fileEncoding = 4; lastKnownFileType = sourcecode.swift; path = CreateChannelCell.swift; sourceTree = "<group>"; };
		00EA121E1E4A028900D73B95 /* ChatViewController.swift */ = {isa = PBXFileReference; fileEncoding = 4; lastKnownFileType = sourcecode.swift; path = ChatViewController.swift; sourceTree = "<group>"; };
		00F05C421E49EB56005C3BFD /* RTChatEx.app */ = {isa = PBXFileReference; explicitFileType = wrapper.application; includeInIndex = 0; path = RTChatEx.app; sourceTree = BUILT_PRODUCTS_DIR; };
		00F05C451E49EB56005C3BFD /* AppDelegate.swift */ = {isa = PBXFileReference; lastKnownFileType = sourcecode.swift; path = AppDelegate.swift; sourceTree = "<group>"; };
		00F05C471E49EB56005C3BFD /* LoginViewController.swift */ = {isa = PBXFileReference; lastKnownFileType = sourcecode.swift; path = LoginViewController.swift; sourceTree = "<group>"; };
		00F05C4A1E49EB56005C3BFD /* Base */ = {isa = PBXFileReference; lastKnownFileType = file.storyboard; name = Base; path = Base.lproj/Main.storyboard; sourceTree = "<group>"; };
		00F05C4C1E49EB56005C3BFD /* Assets.xcassets */ = {isa = PBXFileReference; lastKnownFileType = folder.assetcatalog; path = Assets.xcassets; sourceTree = "<group>"; };
		00F05C4F1E49EB56005C3BFD /* Base */ = {isa = PBXFileReference; lastKnownFileType = file.storyboard; name = Base; path = Base.lproj/LaunchScreen.storyboard; sourceTree = "<group>"; };
		00F05C511E49EB56005C3BFD /* Info.plist */ = {isa = PBXFileReference; lastKnownFileType = text.plist.xml; path = Info.plist; sourceTree = "<group>"; };
/* End PBXFileReference section */

/* Begin PBXFrameworksBuildPhase section */
		00F05C3F1E49EB56005C3BFD /* Frameworks */ = {
			isa = PBXFrameworksBuildPhase;
			buildActionMask = 2147483647;
			files = (
			);
			runOnlyForDeploymentPostprocessing = 0;
		};
/* End PBXFrameworksBuildPhase section */

/* Begin PBXGroup section */
		00F05C391E49EB56005C3BFD = {
			isa = PBXGroup;
			children = (
				00F05C441E49EB56005C3BFD /* RTChatEx */,
				00F05C431E49EB56005C3BFD /* Products */,
			);
			sourceTree = "<group>";
		};
		00F05C431E49EB56005C3BFD /* Products */ = {
			isa = PBXGroup;
			children = (
				00F05C421E49EB56005C3BFD /* RTChatEx.app */,
			);
			name = Products;
			sourceTree = "<group>";
		};
		00F05C441E49EB56005C3BFD /* RTChatEx */ = {
			isa = PBXGroup;
			children = (
				00F05C451E49EB56005C3BFD /* AppDelegate.swift */,
				00F05C471E49EB56005C3BFD /* LoginViewController.swift */,
				00EA121A1E49FB4100D73B95 /* ChannelListViewController.swift */,
				00F05C491E49EB56005C3BFD /* Main.storyboard */,
				00EA121E1E4A028900D73B95 /* ChatViewController.swift */,
				00F05C4C1E49EB56005C3BFD /* Assets.xcassets */,
				00F05C4E1E49EB56005C3BFD /* LaunchScreen.storyboard */,
				00F05C511E49EB56005C3BFD /* Info.plist */,
				00EA121C1E4A00E500D73B95 /* CreateChannelCell.swift */,
			);
			path = RTChatEx;
			sourceTree = "<group>";
		};
/* End PBXGroup section */

/* Begin PBXNativeTarget section */
		00F05C411E49EB56005C3BFD /* RTChatEx */ = {
			isa = PBXNativeTarget;
			buildConfigurationList = 00F05C541E49EB56005C3BFD /* Build configuration list for PBXNativeTarget "RTChatEx" */;
			buildPhases = (
				00F05C3E1E49EB56005C3BFD /* Sources */,
				00F05C3F1E49EB56005C3BFD /* Frameworks */,
				00F05C401E49EB56005C3BFD /* Resources */,
			);
			buildRules = (
			);
			dependencies = (
			);
			name = RTChatEx;
			productName = RTChatEx;
			productReference = 00F05C421E49EB56005C3BFD /* RTChatEx.app */;
			productType = "com.apple.product-type.application";
		};
/* End PBXNativeTarget section */

/* Begin PBXProject section */
		00F05C3A1E49EB56005C3BFD /* Project object */ = {
			isa = PBXProject;
			attributes = {
				LastUpgradeCheck = 0700;
				ORGANIZATIONNAME = "Paresh Thakor";
				TargetAttributes = {
					00F05C411E49EB56005C3BFD = {
						CreatedOnToolsVersion = 7.0.1;
					};
				};
			};
			buildConfigurationList = 00F05C3D1E49EB56005C3BFD /* Build configuration list for PBXProject "RTChatEx" */;
			compatibilityVersion = "Xcode 3.2";
			developmentRegion = English;
			hasScannedForEncodings = 0;
			knownRegions = (
				en,
				Base,
			);
			mainGroup = 00F05C391E49EB56005C3BFD;
			productRefGroup = 00F05C431E49EB56005C3BFD /* Products */;
			projectDirPath = "";
			projectRoot = "";
			targets = (
				00F05C411E49EB56005C3BFD /* RTChatEx */,
			);
		};
/* End PBXProject section */

/* Begin PBXResourcesBuildPhase section */
		00F05C401E49EB56005C3BFD /* Resources */ = {
			isa = PBXResourcesBuildPhase;
			buildActionMask = 2147483647;
			files = (
				00F05C501E49EB56005C3BFD /* LaunchScreen.storyboard in Resources */,
				00F05C4D1E49EB56005C3BFD /* Assets.xcassets in Resources */,
				00F05C4B1E49EB56005C3BFD /* Main.storyboard in Resources */,
			);
			runOnlyForDeploymentPostprocessing = 0;
		};
/* End PBXResourcesBuildPhase section */

/* Begin PBXSourcesBuildPhase section */
		00F05C3E1E49EB56005C3BFD /* Sources */ = {
			isa = PBXSourcesBuildPhase;
			buildActionMask = 2147483647;
			files = (
				00EA121B1E49FB4100D73B95 /* ChannelListViewController.swift in Sources */,
				00F05C481E49EB56005C3BFD /* LoginViewController.swift in Sources */,
				00F05C461E49EB56005C3BFD /* AppDelegate.swift in Sources */,
				00EA121F1E4A028900D73B95 /* ChatViewController.swift in Sources */,
				00EA121D1E4A00E500D73B95 /* CreateChannelCell.swift in Sources */,
			);
			runOnlyForDeploymentPostprocessing = 0;
		};
/* End PBXSourcesBuildPhase section */

/* Begin PBXVariantGroup section */
		00F05C491E49EB56005C3BFD /* Main.storyboard */ = {
			isa = PBXVariantGroup;
			children = (
				00F05C4A1E49EB56005C3BFD /* Base */,
			);
			name = Main.storyboard;
			sourceTree = "<group>";
		};
		00F05C4E1E49EB56005C3BFD /* LaunchScreen.storyboard */ = {
			isa = PBXVariantGroup;
			children = (
				00F05C4F1E49EB56005C3BFD /* Base */,
			);
			name = LaunchScreen.storyboard;
			sourceTree = "<group>";
		};
/* End PBXVariantGroup section */

/* Begin XCBuildConfiguration section */
		00F05C521E49EB56005C3BFD /* Debug */ = {
			isa = XCBuildConfiguration;
			buildSettings = {
				ALWAYS_SEARCH_USER_PATHS = NO;
				CLANG_CXX_LANGUAGE_STANDARD = "gnu++0x";
				CLANG_CXX_LIBRARY = "libc++";
				CLANG_ENABLE_MODULES = YES;
				CLANG_ENABLE_OBJC_ARC = YES;
				CLANG_WARN_BOOL_CONVERSION = YES;
				CLANG_WARN_CONSTANT_CONVERSION = YES;
				CLANG_WARN_DIRECT_OBJC_ISA_USAGE = YES_ERROR;
				CLANG_WARN_EMPTY_BODY = YES;
				CLANG_WARN_ENUM_CONVERSION = YES;
				CLANG_WARN_INT_CONVERSION = YES;
				CLANG_WARN_OBJC_ROOT_CLASS = YES_ERROR;
				CLANG_WARN_UNREACHABLE_CODE = YES;
				CLANG_WARN__DUPLICATE_METHOD_MATCH = YES;
				"CODE_SIGN_IDENTITY[sdk=iphoneos*]" = "iPhone Developer";
				COPY_PHASE_STRIP = NO;
				DEBUG_INFORMATION_FORMAT = dwarf;
				ENABLE_STRICT_OBJC_MSGSEND = YES;
				ENABLE_TESTABILITY = YES;
				GCC_C_LANGUAGE_STANDARD = gnu99;
				GCC_DYNAMIC_NO_PIC = NO;
				GCC_NO_COMMON_BLOCKS = YES;
				GCC_OPTIMIZATION_LEVEL = 0;
				GCC_PREPROCESSOR_DEFINITIONS = (
					"DEBUG=1",
					"$(inherited)",
				);
				GCC_WARN_64_TO_32_BIT_CONVERSION = YES;
				GCC_WARN_ABOUT_RETURN_TYPE = YES_ERROR;
				GCC_WARN_UNDECLARED_SELECTOR = YES;
				GCC_WARN_UNINITIALIZED_AUTOS = YES_AGGRESSIVE;
				GCC_WARN_UNUSED_FUNCTION = YES;
				GCC_WARN_UNUSED_VARIABLE = YES;
				IPHONEOS_DEPLOYMENT_TARGET = 9.0;
				MTL_ENABLE_DEBUG_INFO = YES;
				ONLY_ACTIVE_ARCH = YES;
				SDKROOT = iphoneos;
				SWIFT_OPTIMIZATION_LEVEL = "-Onone";
				TARGETED_DEVICE_FAMILY = "1,2";
			};
			name = Debug;
		};
		00F05C531E49EB56005C3BFD /* Release */ = {
			isa = XCBuildConfiguration;
			buildSettings = {
				ALWAYS_SEARCH_USER_PATHS = NO;
				CLANG_CXX_LANGUAGE_STANDARD = "gnu++0x";
				CLANG_CXX_LIBRARY = "libc++";
				CLANG_ENABLE_MODULES = YES;
				CLANG_ENABLE_OBJC_ARC = YES;
				CLANG_WARN_BOOL_CONVERSION = YES;
				CLANG_WARN_CONSTANT_CONVERSION = YES;
				CLANG_WARN_DIRECT_OBJC_ISA_USAGE = YES_ERROR;
				CLANG_WARN_EMPTY_BODY = YES;
				CLANG_WARN_ENUM_CONVERSION = YES;
				CLANG_WARN_INT_CONVERSION = YES;
				CLANG_WARN_OBJC_ROOT_CLASS = YES_ERROR;
				CLANG_WARN_UNREACHABLE_CODE = YES;
				CLANG_WARN__DUPLICATE_METHOD_MATCH = YES;
				"CODE_SIGN_IDENTITY[sdk=iphoneos*]" = "iPhone Developer";
				COPY_PHASE_STRIP = NO;
				DEBUG_INFORMATION_FORMAT = "dwarf-with-dsym";
				ENABLE_NS_ASSERTIONS = NO;
				ENABLE_STRICT_OBJC_MSGSEND = YES;
				GCC_C_LANGUAGE_STANDARD = gnu99;
				GCC_NO_COMMON_BLOCKS = YES;
				GCC_WARN_64_TO_32_BIT_CONVERSION = YES;
				GCC_WARN_ABOUT_RETURN_TYPE = YES_ERROR;
				GCC_WARN_UNDECLARED_SELECTOR = YES;
				GCC_WARN_UNINITIALIZED_AUTOS = YES_AGGRESSIVE;
				GCC_WARN_UNUSED_FUNCTION = YES;
				GCC_WARN_UNUSED_VARIABLE = YES;
				IPHONEOS_DEPLOYMENT_TARGET = 9.0;
				MTL_ENABLE_DEBUG_INFO = NO;
				SDKROOT = iphoneos;
				TARGETED_DEVICE_FAMILY = "1,2";
				VALIDATE_PRODUCT = YES;
			};
			name = Release;
		};
		00F05C551E49EB56005C3BFD /* Debug */ = {
			isa = XCBuildConfiguration;
			buildSettings = {
				ASSETCATALOG_COMPILER_APPICON_NAME = AppIcon;
				INFOPLIST_FILE = RTChatEx/Info.plist;
				LD_RUNPATH_SEARCH_PATHS = "$(inherited) @executable_path/Frameworks";
				PRODUCT_BUNDLE_IDENTIFIER = com.partha.rtchat.RTChatEx;
				PRODUCT_NAME = "$(TARGET_NAME)";
			};
			name = Debug;
		};
		00F05C561E49EB56005C3BFD /* Release */ = {
			isa = XCBuildConfiguration;
			buildSettings = {
				ASSETCATALOG_COMPILER_APPICON_NAME = AppIcon;
				INFOPLIST_FILE = RTChatEx/Info.plist;
				LD_RUNPATH_SEARCH_PATHS = "$(inherited) @executable_path/Frameworks";
				PRODUCT_BUNDLE_IDENTIFIER = com.partha.rtchat.RTChatEx;
				PRODUCT_NAME = "$(TARGET_NAME)";
			};
			name = Release;
		};
/* End XCBuildConfiguration section */

/* Begin XCConfigurationList section */
		00F05C3D1E49EB56005C3BFD /* Build configuration list for PBXProject "RTChatEx" */ = {
			isa = XCConfigurationList;
			buildConfigurations = (
				00F05C521E49EB56005C3BFD /* Debug */,
				00F05C531E49EB56005C3BFD /* Release */,
			);
			defaultConfigurationIsVisible = 0;
			defaultConfigurationName = Release;
		};
		00F05C541E49EB56005C3BFD /* Build configuration list for PBXNativeTarget "RTChatEx" */ = {
			isa = XCConfigurationList;
			buildConfigurations = (
				00F05C551E49EB56005C3BFD /* Debug */,
				00F05C561E49EB56005C3BFD /* Release */,
			);
			defaultConfigurationIsVisible = 0;
			defaultConfigurationName = Release;
		};
/* End XCConfigurationList section */
	};
	rootObject = 00F05C3A1E49EB56005C3BFD /* Project object */;
}
